
Microsoft Visual Studio Solution File, Format Version 12.00
# Visual Studio Version 17
VisualStudioVersion = 17.0.31903.59
MinimumVisualStudioVersion = 10.0.40219.1
Project("{2150E333-8FDC-42A3-9474-1A3956D46DE8}") = "src", "src", "{FAEC58F7-25E0-4EFB-9C19-D4825D5607A9}"
EndProject
Project("{FAE04EC0-301F-11D3-BF4B-00C04F79EFBC}") = "FirstExample", "src\FirstExample\FirstExample.csproj", "{69B966ED-9142-4B0A-9FE0-24D18C195B43}"
EndProject
Global
	GlobalSection(SolutionConfigurationPlatforms) = preSolution
		Debug|Any CPU = Debug|Any CPU
		Release|Any CPU = Release|Any CPU
	EndGlobalSection
	GlobalSection(SolutionProperties) = preSolution
		HideSolutionNode = FALSE
	EndGlobalSection
	GlobalSection(ProjectConfigurationPlatforms) = postSolution
		{69B966ED-9142-4B0A-9FE0-24D18C195B43}.Debug|Any CPU.ActiveCfg = Debug|Any CPU
		{69B966ED-9142-4B0A-9FE0-24D18C195B43}.Debug|Any CPU.Build.0 = Debug|Any CPU
		{69B966ED-9142-4B0A-9FE0-24D18C195B43}.Release|Any CPU.ActiveCfg = Release|Any CPU
		{69B966ED-9142-4B0A-9FE0-24D18C195B43}.Release|Any CPU.Build.0 = Release|Any CPU
	EndGlobalSection
	GlobalSection(NestedProjects) = preSolution
		{69B966ED-9142-4B0A-9FE0-24D18C195B43} = {FAEC58F7-25E0-4EFB-9C19-D4825D5607A9}
	EndGlobalSection
EndGlobal
