
Microsoft Visual Studio Solution File, Format Version 12.00
# Visual Studio Version 17
VisualStudioVersion = 17.0.31903.59
MinimumVisualStudioVersion = 10.0.40219.1
Project("{2150E333-8FDC-42A3-9474-1A3956D46DE8}") = "src", "src", "{8142F2E5-265E-4F9F-A9C9-EA30A735ABD7}"
EndProject
Project("{FAE04EC0-301F-11D3-BF4B-00C04F79EFBC}") = "Example.1.PowerShell", "src\Example.1.PowerShell\Example.1.PowerShell.csproj", "{C686146C-58E6-4D85-B36D-8E1AC5F18D7C}"
EndProject
Project("{FAE04EC0-301F-11D3-BF4B-00C04F79EFBC}") = "Example.2.PowerShell.PSStandard", "src\Example.2.PowerShell.PSStandard\Example.2.PowerShell.PSStandard.csproj", "{020426C9-83C2-4CE2-8659-14D0596B5685}"
EndProject
Project("{FAE04EC0-301F-11D3-BF4B-00C04F79EFBC}") = "Example.3.CSharp", "src\Example.3.CSharp\Example.3.CSharp.csproj", "{DB6CAF7F-35CA-4888-A615-CB7B0EADF523}"
EndProject
Project("{FAE04EC0-301F-11D3-BF4B-00C04F79EFBC}") = "Example.5.CSharp.PSStandard", "src\Example.5.CSharp.PSStandard\Example.5.CSharp.PSStandard.csproj", "{3B7C9861-9863-4990-8B91-F51FE11ED905}"
EndProject
Project("{F2A71F9B-5D33-465A-A702-920D77279786}") = "Example.6.FSharp", "src\Example.6.FSharp\Example.6.FSharp.fsproj", "{69B43DD8-1DA6-4556-A813-4570786B162E}"
EndProject
Project("{FAE04EC0-301F-11D3-BF4B-00C04F79EFBC}") = "Example.7.PowerShell.MultiTarget", "src\Example.7.PowerShell.MultiTarget\Example.7.PowerShell.MultiTarget.csproj", "{9D4F9AAA-D7A5-4C61-8352-DA050AD934DA}"
EndProject
Project("{FAE04EC0-301F-11D3-BF4B-00C04F79EFBC}") = "Example.4.Hybrid", "src\Example.4.Hybrid\Example.4.Hybrid.csproj", "{FE5DF71E-4AE5-4440-AD30-A9588E92CE21}"
EndProject
Project("{FAE04EC0-301F-11D3-BF4B-00C04F79EFBC}") = "Lab.1.RandomEmail", "src\Lab.1.RandomEmail\Lab.1.RandomEmail.csproj", "{2713ADDB-20DA-43C2-AE4D-1F2DCA6675D3}"
EndProject
Global
	GlobalSection(SolutionConfigurationPlatforms) = preSolution
		Debug|Any CPU = Debug|Any CPU
		Release|Any CPU = Release|Any CPU
	EndGlobalSection
	GlobalSection(SolutionProperties) = preSolution
		HideSolutionNode = FALSE
	EndGlobalSection
	GlobalSection(ProjectConfigurationPlatforms) = postSolution
		{C686146C-58E6-4D85-B36D-8E1AC5F18D7C}.Debug|Any CPU.ActiveCfg = Debug|Any CPU
		{C686146C-58E6-4D85-B36D-8E1AC5F18D7C}.Debug|Any CPU.Build.0 = Debug|Any CPU
		{C686146C-58E6-4D85-B36D-8E1AC5F18D7C}.Release|Any CPU.ActiveCfg = Release|Any CPU
		{C686146C-58E6-4D85-B36D-8E1AC5F18D7C}.Release|Any CPU.Build.0 = Release|Any CPU
		{020426C9-83C2-4CE2-8659-14D0596B5685}.Debug|Any CPU.ActiveCfg = Debug|Any CPU
		{020426C9-83C2-4CE2-8659-14D0596B5685}.Debug|Any CPU.Build.0 = Debug|Any CPU
		{020426C9-83C2-4CE2-8659-14D0596B5685}.Release|Any CPU.ActiveCfg = Release|Any CPU
		{020426C9-83C2-4CE2-8659-14D0596B5685}.Release|Any CPU.Build.0 = Release|Any CPU
		{DB6CAF7F-35CA-4888-A615-CB7B0EADF523}.Debug|Any CPU.ActiveCfg = Debug|Any CPU
		{DB6CAF7F-35CA-4888-A615-CB7B0EADF523}.Debug|Any CPU.Build.0 = Debug|Any CPU
		{DB6CAF7F-35CA-4888-A615-CB7B0EADF523}.Release|Any CPU.ActiveCfg = Release|Any CPU
		{DB6CAF7F-35CA-4888-A615-CB7B0EADF523}.Release|Any CPU.Build.0 = Release|Any CPU
		{3B7C9861-9863-4990-8B91-F51FE11ED905}.Debug|Any CPU.ActiveCfg = Debug|Any CPU
		{3B7C9861-9863-4990-8B91-F51FE11ED905}.Debug|Any CPU.Build.0 = Debug|Any CPU
		{3B7C9861-9863-4990-8B91-F51FE11ED905}.Release|Any CPU.ActiveCfg = Release|Any CPU
		{3B7C9861-9863-4990-8B91-F51FE11ED905}.Release|Any CPU.Build.0 = Release|Any CPU
		{9D4F9AAA-D7A5-4C61-8352-DA050AD934DA}.Debug|Any CPU.ActiveCfg = Debug|Any CPU
		{9D4F9AAA-D7A5-4C61-8352-DA050AD934DA}.Debug|Any CPU.Build.0 = Debug|Any CPU
		{9D4F9AAA-D7A5-4C61-8352-DA050AD934DA}.Release|Any CPU.ActiveCfg = Release|Any CPU
		{9D4F9AAA-D7A5-4C61-8352-DA050AD934DA}.Release|Any CPU.Build.0 = Release|Any CPU
		{69B43DD8-1DA6-4556-A813-4570786B162E}.Debug|Any CPU.ActiveCfg = Debug|Any CPU
		{69B43DD8-1DA6-4556-A813-4570786B162E}.Debug|Any CPU.Build.0 = Debug|Any CPU
		{69B43DD8-1DA6-4556-A813-4570786B162E}.Release|Any CPU.ActiveCfg = Release|Any CPU
		{69B43DD8-1DA6-4556-A813-4570786B162E}.Release|Any CPU.Build.0 = Release|Any CPU
		{FE5DF71E-4AE5-4440-AD30-A9588E92CE21}.Debug|Any CPU.ActiveCfg = Debug|Any CPU
		{FE5DF71E-4AE5-4440-AD30-A9588E92CE21}.Debug|Any CPU.Build.0 = Debug|Any CPU
		{FE5DF71E-4AE5-4440-AD30-A9588E92CE21}.Release|Any CPU.ActiveCfg = Release|Any CPU
		{FE5DF71E-4AE5-4440-AD30-A9588E92CE21}.Release|Any CPU.Build.0 = Release|Any CPU
		{2713ADDB-20DA-43C2-AE4D-1F2DCA6675D3}.Debug|Any CPU.ActiveCfg = Debug|Any CPU
		{2713ADDB-20DA-43C2-AE4D-1F2DCA6675D3}.Debug|Any CPU.Build.0 = Debug|Any CPU
		{2713ADDB-20DA-43C2-AE4D-1F2DCA6675D3}.Release|Any CPU.ActiveCfg = Release|Any CPU
		{2713ADDB-20DA-43C2-AE4D-1F2DCA6675D3}.Release|Any CPU.Build.0 = Release|Any CPU
	EndGlobalSection
	GlobalSection(NestedProjects) = preSolution
		{C686146C-58E6-4D85-B36D-8E1AC5F18D7C} = {8142F2E5-265E-4F9F-A9C9-EA30A735ABD7}
		{020426C9-83C2-4CE2-8659-14D0596B5685} = {8142F2E5-265E-4F9F-A9C9-EA30A735ABD7}
		{DB6CAF7F-35CA-4888-A615-CB7B0EADF523} = {8142F2E5-265E-4F9F-A9C9-EA30A735ABD7}
		{3B7C9861-9863-4990-8B91-F51FE11ED905} = {8142F2E5-265E-4F9F-A9C9-EA30A735ABD7}
		{9D4F9AAA-D7A5-4C61-8352-DA050AD934DA} = {8142F2E5-265E-4F9F-A9C9-EA30A735ABD7}
		{69B43DD8-1DA6-4556-A813-4570786B162E} = {8142F2E5-265E-4F9F-A9C9-EA30A735ABD7}
		{FE5DF71E-4AE5-4440-AD30-A9588E92CE21} = {8142F2E5-265E-4F9F-A9C9-EA30A735ABD7}
		{2713ADDB-20DA-43C2-AE4D-1F2DCA6675D3} = {8142F2E5-265E-4F9F-A9C9-EA30A735ABD7}
	EndGlobalSection
EndGlobal
